# This file was autogenerated by Stack.
# You should not edit this file by hand.
# For more information, please see the documentation at:
#   https://docs.haskellstack.org/en/stable/lock_files

packages: []
snapshots:
- completed:
    sha256: 98fe98dae6f42f9b4405e5467f62f57df2896c57b742a09772688c900c722510
    size: 719579
    url: https://raw.githubusercontent.com/commercialhaskell/stackage-snapshots/master/lts/22/29.yaml
  original: lts-22.29
